<?xml version="1.0" encoding="utf-8"?>
<Project ToolsVersion="4.0" xmlns="http://schemas.microsoft.com/developer/msbuild/2003">
  <ItemGroup>
    <Filter Include="Source Files">
      <UniqueIdentifier>{4FC737F1-C7A5-4376-A066-2A32D752A2FF}</UniqueIdentifier>
      <Extensions>cpp;c;cc;cxx;def;odl;idl;hpj;bat;asm;asmx</Extensions>
    </Filter>
    <Filter Include="Header Files">
      <UniqueIdentifier>{93995380-89BD-4b04-88EB-625FBE52EBFB}</UniqueIdentifier>
      <Extensions>h;hh;hpp;hxx;hm;inl;inc;xsd</Extensions>
    </Filter>
    <Filter Include="Resource Files">
      <UniqueIdentifier>{67DA6AB6-F800-4c08-8B7A-83BB121AAD01}</UniqueIdentifier>
      <Extensions>rc;ico;cur;bmp;dlg;rc2;rct;bin;rgs;gif;jpg;jpeg;jpe;resx;tiff;tif;png;wav;mfcribbon-ms</Extensions>
    </Filter>
    <Filter Include="Source Files\Graphics">
      <UniqueIdentifier>{245424c7-4ecd-490c-9155-e831acaa8628}</UniqueIdentifier>
    </Filter>
    <Filter Include="Source Files\Managers">
      <UniqueIdentifier>{916ed511-e3a9-4dbe-9a2d-121715475c19}</UniqueIdentifier>
    </Filter>
    <Filter Include="Source Files\Lighting">
      <UniqueIdentifier>{a627388e-9c26-4c88-a27e-09097ad7f7c1}</UniqueIdentifier>
    </Filter>
    <Filter Include="Source Files\SceneGraph">
      <UniqueIdentifier>{849a96eb-28ff-481b-8cc2-834901bc3759}</UniqueIdentifier>
    </Filter>
    <Filter Include="Source Files\Math">
      <UniqueIdentifier>{607a64d2-e563-4fb2-aa8a-63e97d4458ae}</UniqueIdentifier>
    </Filter>
  </ItemGroup>
  <ItemGroup>
    <ClCompile Include="main.cpp">
      <Filter>Source Files</Filter>
    </ClCompile>
    <ClCompile Include="Shader.cpp">
      <Filter>Source Files\Graphics</Filter>
    </ClCompile>
    <ClCompile Include="Window.cpp">
      <Filter>Source Files\Graphics</Filter>
    </ClCompile>
    <ClCompile Include="Model.cpp">
      <Filter>Source Files\Graphics</Filter>
    </ClCompile>
    <ClCompile Include="Renderer.cpp">
      <Filter>Source Files\Graphics</Filter>
    </ClCompile>
    <ClCompile Include="FileReader.cpp">
      <Filter>Source Files\Managers</Filter>
    </ClCompile>
    <ClCompile Include="PicoPNG.cpp">
      <Filter>Source Files\Managers</Filter>
    </ClCompile>
    <ClCompile Include="Camera.cpp">
      <Filter>Source Files\Graphics</Filter>
    </ClCompile>
    <ClCompile Include="Input.cpp">
      <Filter>Source Files\Managers</Filter>
    </ClCompile>
    <ClCompile Include="OBJLoader.cpp">
      <Filter>Source Files\Managers</Filter>
    </ClCompile>
    <ClCompile Include="VBOIndexer.cpp">
      <Filter>Source Files\Managers</Filter>
    </ClCompile>
    <ClCompile Include="ShadowBuffer.cpp">
      <Filter>Source Files\Graphics</Filter>
    </ClCompile>
    <ClCompile Include="BaseLight.cpp">
      <Filter>Source Files\Lighting</Filter>
    </ClCompile>
    <ClCompile Include="PointLight.cpp">
      <Filter>Source Files\Lighting</Filter>
    </ClCompile>
    <ClCompile Include="SpotLight.cpp">
      <Filter>Source Files\Lighting</Filter>
    </ClCompile>
    <ClCompile Include="Node.cpp">
      <Filter>Source Files\SceneGraph</Filter>
    </ClCompile>
    <ClCompile Include="Transform.cpp">
      <Filter>Source Files\SceneGraph</Filter>
    </ClCompile>
    <ClCompile Include="ModelCache.cpp">
      <Filter>Source Files\Managers</Filter>
    </ClCompile>
    <ClCompile Include="Geode.cpp">
      <Filter>Source Files\SceneGraph</Filter>
    </ClCompile>
    <ClCompile Include="TextureManager.cpp">
      <Filter>Source Files\Managers</Filter>
    </ClCompile>
    <ClCompile Include="GLMHelper.cpp">
      <Filter>Source Files\Math</Filter>
    </ClCompile>
    <ClCompile Include="ShadowMapCube.cpp">
      <Filter>Source Files\Graphics</Filter>
    </ClCompile>
    <ClCompile Include="Group.cpp">
      <Filter>Source Files\SceneGraph</Filter>
    </ClCompile>
    <ClCompile Include="Switch.cpp">
      <Filter>Source Files\SceneGraph</Filter>
    </ClCompile>
    <ClCompile Include="DirectionalLight.cpp">
      <Filter>Source Files\Lighting</Filter>
    </ClCompile>
    <ClCompile Include="Game.cpp">
      <Filter>Source Files</Filter>
    </ClCompile>
    <ClCompile Include="SkyboxRenderer.cpp">
      <Filter>Source Files</Filter>
    </ClCompile>
    <ClCompile Include="Terrain.cpp">
      <Filter>Source Files</Filter>
    </ClCompile>
    <ClCompile Include="TerrainRenderer.cpp">
      <Filter>Source Files</Filter>
    </ClCompile>
    <ClCompile Include="HeightGenerator.cpp">
      <Filter>Source Files</Filter>
    </ClCompile>
    <ClCompile Include="Random.cpp">
      <Filter>Source Files\Managers</Filter>
    </ClCompile>
    <ClCompile Include="WaterRenderer.cpp">
      <Filter>Source Files</Filter>
    </ClCompile>
    <ClCompile Include="WaterTile.cpp">
      <Filter>Source Files</Filter>
    </ClCompile>
    <ClCompile Include="WaterFramebuffers.cpp">
      <Filter>Source Files</Filter>
    </ClCompile>
    <ClCompile Include="GUIRenderer.cpp">
      <Filter>Source Files</Filter>
    </ClCompile>
    <ClCompile Include="Entity.cpp">
      <Filter>Source Files</Filter>
    </ClCompile>
    <ClCompile Include="ShadowMapMasterRenderer.cpp">
      <Filter>Source Files</Filter>
    </ClCompile>
    <ClCompile Include="ShadowMapFramebuffer.cpp">
      <Filter>Source Files</Filter>
    </ClCompile>
    <ClCompile Include="ShadowBox.cpp">
      <Filter>Source Files</Filter>
    </ClCompile>
    <ClCompile Include="ShadowMapEntityRenderer.cpp">
      <Filter>Source Files</Filter>
    </ClCompile>
    <ClCompile Include="Fbo.cpp">
      <Filter>Source Files</Filter>
    </ClCompile>
    <ClCompile Include="PostProcessing.cpp">
      <Filter>Source Files</Filter>
    </ClCompile>
    <ClCompile Include="ImageRenderer.cpp">
      <Filter>Source Files</Filter>
    </ClCompile>
    <ClCompile Include="ContrastChanger.cpp">
      <Filter>Source Files</Filter>
    </ClCompile>
    <ClCompile Include="HorizontalBlur.cpp">
      <Filter>Source Files\Graphics</Filter>
    </ClCompile>
    <ClCompile Include="VerticalBlur.cpp">
      <Filter>Source Files\Graphics</Filter>
    </ClCompile>
  </ItemGroup>
  <ItemGroup>
    <ClInclude Include="Shader.h">
      <Filter>Source Files\Graphics</Filter>
    </ClInclude>
    <ClInclude Include="Window.h">
      <Filter>Source Files\Graphics</Filter>
    </ClInclude>
    <ClInclude Include="Model.h">
      <Filter>Source Files\Graphics</Filter>
    </ClInclude>
    <ClInclude Include="Renderer.h">
      <Filter>Source Files\Graphics</Filter>
    </ClInclude>
    <ClInclude Include="FileReader.h">
      <Filter>Source Files\Managers</Filter>
    </ClInclude>
    <ClInclude Include="PicoPNG.h">
      <Filter>Source Files\Managers</Filter>
    </ClInclude>
    <ClInclude Include="Camera.h">
      <Filter>Source Files\Graphics</Filter>
    </ClInclude>
    <ClInclude Include="Input.h">
      <Filter>Source Files\Managers</Filter>
    </ClInclude>
    <ClInclude Include="ShadowBuffer.h">
      <Filter>Source Files\Graphics</Filter>
    </ClInclude>
    <ClInclude Include="OBJLoader.h">
      <Filter>Source Files\Managers</Filter>
    </ClInclude>
    <ClInclude Include="VBOIndexer.h">
      <Filter>Source Files\Managers</Filter>
    </ClInclude>
    <ClInclude Include="PointLight.h">
      <Filter>Source Files\Lighting</Filter>
    </ClInclude>
    <ClInclude Include="SpotLight.h">
      <Filter>Source Files\Lighting</Filter>
    </ClInclude>
    <ClInclude Include="BaseLight.h">
      <Filter>Source Files\Lighting</Filter>
    </ClInclude>
    <ClInclude Include="Constants.h">
      <Filter>Source Files\Managers</Filter>
    </ClInclude>
    <ClInclude Include="Node.h">
      <Filter>Source Files\SceneGraph</Filter>
    </ClInclude>
    <ClInclude Include="Transform.h">
      <Filter>Source Files\SceneGraph</Filter>
    </ClInclude>
    <ClInclude Include="ModelCache.h">
      <Filter>Source Files\Managers</Filter>
    </ClInclude>
    <ClInclude Include="Geode.h">
      <Filter>Source Files\SceneGraph</Filter>
    </ClInclude>
    <ClInclude Include="TextureManager.h">
      <Filter>Source Files\Managers</Filter>
    </ClInclude>
    <ClInclude Include="GLMHelper.h">
      <Filter>Source Files\Math</Filter>
    </ClInclude>
    <ClInclude Include="ShadowMapCube.h">
      <Filter>Source Files\Graphics</Filter>
    </ClInclude>
    <ClInclude Include="Switch.h">
      <Filter>Source Files\SceneGraph</Filter>
    </ClInclude>
    <ClInclude Include="Group.h">
      <Filter>Source Files\SceneGraph</Filter>
    </ClInclude>
    <ClInclude Include="DirectionalLight.h">
      <Filter>Source Files\Lighting</Filter>
    </ClInclude>
    <ClInclude Include="OpenGL3D.h">
      <Filter>Header Files</Filter>
    </ClInclude>
    <ClInclude Include="Helpers.h">
      <Filter>Source Files\Managers</Filter>
    </ClInclude>
    <ClInclude Include="SkyboxRenderer.h">
      <Filter>Header Files</Filter>
    </ClInclude>
    <ClInclude Include="Terrain.h">
      <Filter>Header Files</Filter>
    </ClInclude>
    <ClInclude Include="TerrainRenderer.h">
      <Filter>Header Files</Filter>
    </ClInclude>
    <ClInclude Include="HeightGenerator.h">
      <Filter>Header Files</Filter>
    </ClInclude>
    <ClInclude Include="Random.h">
      <Filter>Header Files</Filter>
    </ClInclude>
    <ClInclude Include="WaterRenderer.h">
      <Filter>Header Files</Filter>
    </ClInclude>
    <ClInclude Include="WaterTile.h">
      <Filter>Header Files</Filter>
    </ClInclude>
    <ClInclude Include="WaterFramebuffers.h">
      <Filter>Header Files</Filter>
    </ClInclude>
    <ClInclude Include="GUIRenderer.h">
      <Filter>Header Files</Filter>
    </ClInclude>
    <ClInclude Include="Entity.h">
      <Filter>Header Files</Filter>
    </ClInclude>
    <ClInclude Include="ShadowMapMasterRenderer.h">
      <Filter>Header Files</Filter>
    </ClInclude>
    <ClInclude Include="ShadowMapFramebuffer.h">
      <Filter>Header Files</Filter>
    </ClInclude>
    <ClInclude Include="ShadowBox.h">
      <Filter>Header Files</Filter>
    </ClInclude>
    <ClInclude Include="ShadowMapEntityRenderer.h">
      <Filter>Header Files</Filter>
    </ClInclude>
    <ClInclude Include="Fbo.h">
      <Filter>Header Files</Filter>
    </ClInclude>
    <ClInclude Include="PostProcessing.h">
      <Filter>Header Files</Filter>
    </ClInclude>
    <ClInclude Include="ImageRenderer.h">
      <Filter>Header Files</Filter>
    </ClInclude>
    <ClInclude Include="ContrastChanger.h">
      <Filter>Header Files</Filter>
    </ClInclude>
    <ClInclude Include="HorizontalBlur.h">
      <Filter>Header Files</Filter>
    </ClInclude>
    <ClInclude Include="VerticalBlur.h">
      <Filter>Header Files</Filter>
    </ClInclude>
  </ItemGroup>
</Project>